
Microsoft Visual Studio Solution File, Format Version 12.00
# Visual Studio Version 17
VisualStudioVersion = 17.9.34902.65
MinimumVisualStudioVersion = 10.0.40219.1
Project("{FAE04EC0-301F-11D3-BF4B-00C04F79EFBC}") = "App Center", "App Center.csproj", "{36F09997-AFEA-43C6-AD85-221F42E72DCD}"
EndProject
Global
	GlobalSection(SolutionConfigurationPlatforms) = preSolution
		Debug|Any CPU = Debug|Any CPU
		Release|Any CPU = Release|Any CPU
	EndGlobalSection
	GlobalSection(ProjectConfigurationPlatforms) = postSolution
		{36F09997-AFEA-43C6-AD85-221F42E72DCD}.Debug|Any CPU.ActiveCfg = Debug|Any CPU
		{36F09997-AFEA-43C6-AD85-221F42E72DCD}.Debug|Any CPU.Build.0 = Debug|Any CPU
		{36F09997-AFEA-43C6-AD85-221F42E72DCD}.Release|Any CPU.ActiveCfg = Release|Any CPU
		{36F09997-AFEA-43C6-AD85-221F42E72DCD}.Release|Any CPU.Build.0 = Release|Any CPU
	EndGlobalSection
	GlobalSection(SolutionProperties) = preSolution
		HideSolutionNode = FALSE
	EndGlobalSection
	GlobalSection(ExtensibilityGlobals) = postSolution
		SolutionGuid = {B36CF72E-91EA-4DB4-9CF7-600977A29C7F}
	EndGlobalSection
EndGlobal
